
Microsoft Visual Studio Solution File, Format Version 12.00
# Visual Studio 2013
VisualStudioVersion = 12.0.40302.0
MinimumVisualStudioVersion = 10.0.40219.1
Project("{2150E333-8FDC-42A3-9474-1A3956D46DE8}") = "Dependencies", "Dependencies", "{BD6C703D-436C-4CC8-8A57-A980AF629D19}"
EndProject
Project("{FAE04EC0-301F-11D3-BF4B-00C04F79EFBC}") = "Styx.NET4.5", "..\Styx\Styx.NET4.5\Styx.NET4.5.csproj", "{AF76ECC0-2CA5-4CFF-9E1E-FF5478C4B6E4}"
EndProject
Project("{FAE04EC0-301F-11D3-BF4B-00C04F79EFBC}") = "Styx", "..\Styx\Styx\Styx.csproj", "{3949790D-8591-4101-9E4D-CE7A758E7409}"
EndProject
Project("{FAE04EC0-301F-11D3-BF4B-00C04F79EFBC}") = "Illias", "..\Illias\Illias\Illias.csproj", "{E156F18D-D41C-4529-9BCC-9962E6EE25DA}"
EndProject
Project("{FAE04EC0-301F-11D3-BF4B-00C04F79EFBC}") = "Illias.NET4.5", "..\Illias\Illias.NET4.5\Illias.NET4.5.csproj", "{23D37453-2D4E-4BD8-B40F-3E731FEE7712}"
EndProject
Project("{FAE04EC0-301F-11D3-BF4B-00C04F79EFBC}") = "WWCP_Core", "WWCP_Core\WWCP_Core.csproj", "{33836742-AF1D-4AA4-963F-B0A8E60E6480}"
EndProject
Project("{FAE04EC0-301F-11D3-BF4B-00C04F79EFBC}") = "WWCP_Core_UnitTests", "WWCP_Core_UnitTests\WWCP_Core_UnitTests.csproj", "{C07EA868-FCF7-4919-AC03-7B6D97F81040}"
EndProject
Global
	GlobalSection(SolutionConfigurationPlatforms) = preSolution
		Debug|Any CPU = Debug|Any CPU
		Release|Any CPU = Release|Any CPU
	EndGlobalSection
	GlobalSection(ProjectConfigurationPlatforms) = postSolution
		{AF76ECC0-2CA5-4CFF-9E1E-FF5478C4B6E4}.Debug|Any CPU.ActiveCfg = Debug|Any CPU
		{AF76ECC0-2CA5-4CFF-9E1E-FF5478C4B6E4}.Debug|Any CPU.Build.0 = Debug|Any CPU
		{AF76ECC0-2CA5-4CFF-9E1E-FF5478C4B6E4}.Release|Any CPU.ActiveCfg = Release|Any CPU
		{AF76ECC0-2CA5-4CFF-9E1E-FF5478C4B6E4}.Release|Any CPU.Build.0 = Release|Any CPU
		{3949790D-8591-4101-9E4D-CE7A758E7409}.Debug|Any CPU.ActiveCfg = Debug|Any CPU
		{3949790D-8591-4101-9E4D-CE7A758E7409}.Debug|Any CPU.Build.0 = Debug|Any CPU
		{3949790D-8591-4101-9E4D-CE7A758E7409}.Release|Any CPU.ActiveCfg = Release|Any CPU
		{3949790D-8591-4101-9E4D-CE7A758E7409}.Release|Any CPU.Build.0 = Release|Any CPU
		{E156F18D-D41C-4529-9BCC-9962E6EE25DA}.Debug|Any CPU.ActiveCfg = Debug|Any CPU
		{E156F18D-D41C-4529-9BCC-9962E6EE25DA}.Debug|Any CPU.Build.0 = Debug|Any CPU
		{E156F18D-D41C-4529-9BCC-9962E6EE25DA}.Release|Any CPU.ActiveCfg = Release|Any CPU
		{E156F18D-D41C-4529-9BCC-9962E6EE25DA}.Release|Any CPU.Build.0 = Release|Any CPU
		{23D37453-2D4E-4BD8-B40F-3E731FEE7712}.Debug|Any CPU.ActiveCfg = Debug|Any CPU
		{23D37453-2D4E-4BD8-B40F-3E731FEE7712}.Debug|Any CPU.Build.0 = Debug|Any CPU
		{23D37453-2D4E-4BD8-B40F-3E731FEE7712}.Release|Any CPU.ActiveCfg = Release|Any CPU
		{23D37453-2D4E-4BD8-B40F-3E731FEE7712}.Release|Any CPU.Build.0 = Release|Any CPU
		{33836742-AF1D-4AA4-963F-B0A8E60E6480}.Debug|Any CPU.ActiveCfg = Debug|Any CPU
		{33836742-AF1D-4AA4-963F-B0A8E60E6480}.Debug|Any CPU.Build.0 = Debug|Any CPU
		{33836742-AF1D-4AA4-963F-B0A8E60E6480}.Release|Any CPU.ActiveCfg = Release|Any CPU
		{33836742-AF1D-4AA4-963F-B0A8E60E6480}.Release|Any CPU.Build.0 = Release|Any CPU
		{C07EA868-FCF7-4919-AC03-7B6D97F81040}.Debug|Any CPU.ActiveCfg = Debug|Any CPU
		{C07EA868-FCF7-4919-AC03-7B6D97F81040}.Debug|Any CPU.Build.0 = Debug|Any CPU
		{C07EA868-FCF7-4919-AC03-7B6D97F81040}.Release|Any CPU.ActiveCfg = Release|Any CPU
		{C07EA868-FCF7-4919-AC03-7B6D97F81040}.Release|Any CPU.Build.0 = Release|Any CPU
	EndGlobalSection
	GlobalSection(SolutionProperties) = preSolution
		HideSolutionNode = FALSE
	EndGlobalSection
	GlobalSection(NestedProjects) = preSolution
		{AF76ECC0-2CA5-4CFF-9E1E-FF5478C4B6E4} = {BD6C703D-436C-4CC8-8A57-A980AF629D19}
		{3949790D-8591-4101-9E4D-CE7A758E7409} = {BD6C703D-436C-4CC8-8A57-A980AF629D19}
		{E156F18D-D41C-4529-9BCC-9962E6EE25DA} = {BD6C703D-436C-4CC8-8A57-A980AF629D19}
		{23D37453-2D4E-4BD8-B40F-3E731FEE7712} = {BD6C703D-436C-4CC8-8A57-A980AF629D19}
	EndGlobalSection
EndGlobal
